
Microsoft Visual Studio Solution File, Format Version 12.00
Project("{FAE04EC0-301F-11D3-BF4B-00C04F79EFBC}") = "Raven", "Raven.Gateway\Raven.Gateway.csproj", "{0EEAEA1F-BA6D-4951-A05A-FCE0A46CF7FA}"
EndProject
Project("{2150E333-8FDC-42A3-9474-1A3956D46DE8}") = "Solution Items", "Solution Items", "{D5684EAE-9BA7-447F-9F7F-A6072F0401AE}"
	ProjectSection(SolutionItems) = preProject
		docker-compose.yml = docker-compose.yml
	EndProjectSection
EndProject
Project("{FAE04EC0-301F-11D3-BF4B-00C04F79EFBC}") = "Raven.UserService", "Raven.UserService\Raven.UserService.csproj", "{445DA71E-7C4C-4DC4-947F-9DEFC86667DB}"
EndProject
Project("{FAE04EC0-301F-11D3-BF4B-00C04F79EFBC}") = "Raven.AuthService", "Raven.AuthService\Raven.AuthService.csproj", "{E7D04E3B-33F2-45AB-A183-3EB8A1A06D4E}"
EndProject
Project("{2150E333-8FDC-42A3-9474-1A3956D46DE8}") = "Auth", "Auth", "{8F6233E9-458C-42EE-9A21-C408F190AFBA}"
EndProject
Project("{FAE04EC0-301F-11D3-BF4B-00C04F79EFBC}") = "Raven.Auth.Data", "Raven.Auth.Data\Raven.Auth.Data.csproj", "{50CE4D6E-8793-4829-8B39-FD30108832E1}"
EndProject
Project("{2150E333-8FDC-42A3-9474-1A3956D46DE8}") = "User", "User", "{417CEF92-A223-4CBC-B543-0AED134E30B4}"
EndProject
Project("{2150E333-8FDC-42A3-9474-1A3956D46DE8}") = "Gateway", "Gateway", "{ED4B5C9A-4D00-478D-A56F-0C61178F4A03}"
EndProject
Global
	GlobalSection(SolutionConfigurationPlatforms) = preSolution
		Debug|Any CPU = Debug|Any CPU
		Release|Any CPU = Release|Any CPU
	EndGlobalSection
	GlobalSection(ProjectConfigurationPlatforms) = postSolution
		{0EEAEA1F-BA6D-4951-A05A-FCE0A46CF7FA}.Debug|Any CPU.ActiveCfg = Debug|Any CPU
		{0EEAEA1F-BA6D-4951-A05A-FCE0A46CF7FA}.Debug|Any CPU.Build.0 = Debug|Any CPU
		{0EEAEA1F-BA6D-4951-A05A-FCE0A46CF7FA}.Release|Any CPU.ActiveCfg = Release|Any CPU
		{0EEAEA1F-BA6D-4951-A05A-FCE0A46CF7FA}.Release|Any CPU.Build.0 = Release|Any CPU
		{445DA71E-7C4C-4DC4-947F-9DEFC86667DB}.Debug|Any CPU.ActiveCfg = Debug|Any CPU
		{445DA71E-7C4C-4DC4-947F-9DEFC86667DB}.Debug|Any CPU.Build.0 = Debug|Any CPU
		{445DA71E-7C4C-4DC4-947F-9DEFC86667DB}.Release|Any CPU.ActiveCfg = Release|Any CPU
		{445DA71E-7C4C-4DC4-947F-9DEFC86667DB}.Release|Any CPU.Build.0 = Release|Any CPU
		{E7D04E3B-33F2-45AB-A183-3EB8A1A06D4E}.Debug|Any CPU.ActiveCfg = Debug|Any CPU
		{E7D04E3B-33F2-45AB-A183-3EB8A1A06D4E}.Debug|Any CPU.Build.0 = Debug|Any CPU
		{E7D04E3B-33F2-45AB-A183-3EB8A1A06D4E}.Release|Any CPU.ActiveCfg = Release|Any CPU
		{E7D04E3B-33F2-45AB-A183-3EB8A1A06D4E}.Release|Any CPU.Build.0 = Release|Any CPU
		{50CE4D6E-8793-4829-8B39-FD30108832E1}.Debug|Any CPU.ActiveCfg = Debug|Any CPU
		{50CE4D6E-8793-4829-8B39-FD30108832E1}.Debug|Any CPU.Build.0 = Debug|Any CPU
		{50CE4D6E-8793-4829-8B39-FD30108832E1}.Release|Any CPU.ActiveCfg = Release|Any CPU
		{50CE4D6E-8793-4829-8B39-FD30108832E1}.Release|Any CPU.Build.0 = Release|Any CPU
	EndGlobalSection
	GlobalSection(NestedProjects) = preSolution
		{E7D04E3B-33F2-45AB-A183-3EB8A1A06D4E} = {8F6233E9-458C-42EE-9A21-C408F190AFBA}
		{50CE4D6E-8793-4829-8B39-FD30108832E1} = {8F6233E9-458C-42EE-9A21-C408F190AFBA}
		{445DA71E-7C4C-4DC4-947F-9DEFC86667DB} = {417CEF92-A223-4CBC-B543-0AED134E30B4}
		{0EEAEA1F-BA6D-4951-A05A-FCE0A46CF7FA} = {ED4B5C9A-4D00-478D-A56F-0C61178F4A03}
	EndGlobalSection
EndGlobal
