
Microsoft Visual Studio Solution File, Format Version 12.00
Project("{2150E333-8FDC-42A3-9474-1A3956D46DE8}") = "Solution Items", "Solution Items", "{D5684EAE-9BA7-447F-9F7F-A6072F0401AE}"
	ProjectSection(SolutionItems) = preProject
		compose.yaml = compose.yaml
	EndProjectSection
EndProject
Project("{FAE04EC0-301F-11D3-BF4B-00C04F79EFBC}") = "Raven.Message", "Raven.Message\Raven.Message.csproj", "{800CC11F-3128-4029-9314-261144FEF19D}"
EndProject
Project("{2150E333-8FDC-42A3-9474-1A3956D46DE8}") = "Message", "Message", "{82FB566A-12BC-430C-91A2-5B5F1108DCC5}"
EndProject
Project("{FAE04EC0-301F-11D3-BF4B-00C04F79EFBC}") = "Raven.Message.Application", "Raven.Message.Application\Raven.Message.Application.csproj", "{5BF1A202-7643-4189-8652-A1695C517DA1}"
EndProject
Project("{FAE04EC0-301F-11D3-BF4B-00C04F79EFBC}") = "Raven.Message.Domain", "Raven.Message.Domain\Raven.Message.Domain.csproj", "{0307D2CA-BEE4-4E61-9E09-73EEBFAF219E}"
EndProject
Project("{FAE04EC0-301F-11D3-BF4B-00C04F79EFBC}") = "Raven.Message.SignalR", "Raven.Message.SignalR\Raven.Message.SignalR.csproj", "{D4D99FB3-1DBB-4A7F-833B-E3ACBF77EE55}"
EndProject
Project("{FAE04EC0-301F-11D3-BF4B-00C04F79EFBC}") = "Raven.Message.Infrastructure", "Raven.Message.Infrastructure\Raven.Message.Infrastructure.csproj", "{B140BD28-25B2-4D89-B890-E370A191622F}"
EndProject
Project("{2150E333-8FDC-42A3-9474-1A3956D46DE8}") = "BFF", "BFF", "{5B68523A-6A24-4E27-A7B9-D8A1F8C4C890}"
EndProject
Project("{FAE04EC0-301F-11D3-BF4B-00C04F79EFBC}") = "Raven.BFF", "Raven.BFF\Raven.BFF.csproj", "{8DF8E208-9F48-4061-B3A9-4EA758B4DC86}"
EndProject
Project("{2150E333-8FDC-42A3-9474-1A3956D46DE8}") = "Auth", "Auth", "{E85DD55A-BF6A-44D0-BFBC-780E74379641}"
EndProject
Project("{FAE04EC0-301F-11D3-BF4B-00C04F79EFBC}") = "Raven.Auth", "Raven.Auth\Raven.Auth.csproj", "{EAADEDF6-6BDD-48A8-B466-E1BE1ABFB6FC}"
EndProject
Global
	GlobalSection(SolutionConfigurationPlatforms) = preSolution
		Debug|Any CPU = Debug|Any CPU
		Release|Any CPU = Release|Any CPU
	EndGlobalSection
	GlobalSection(ProjectConfigurationPlatforms) = postSolution
		{800CC11F-3128-4029-9314-261144FEF19D}.Debug|Any CPU.ActiveCfg = Debug|Any CPU
		{800CC11F-3128-4029-9314-261144FEF19D}.Debug|Any CPU.Build.0 = Debug|Any CPU
		{800CC11F-3128-4029-9314-261144FEF19D}.Release|Any CPU.ActiveCfg = Release|Any CPU
		{800CC11F-3128-4029-9314-261144FEF19D}.Release|Any CPU.Build.0 = Release|Any CPU
		{5BF1A202-7643-4189-8652-A1695C517DA1}.Debug|Any CPU.ActiveCfg = Debug|Any CPU
		{5BF1A202-7643-4189-8652-A1695C517DA1}.Debug|Any CPU.Build.0 = Debug|Any CPU
		{5BF1A202-7643-4189-8652-A1695C517DA1}.Release|Any CPU.ActiveCfg = Release|Any CPU
		{5BF1A202-7643-4189-8652-A1695C517DA1}.Release|Any CPU.Build.0 = Release|Any CPU
		{0307D2CA-BEE4-4E61-9E09-73EEBFAF219E}.Debug|Any CPU.ActiveCfg = Debug|Any CPU
		{0307D2CA-BEE4-4E61-9E09-73EEBFAF219E}.Debug|Any CPU.Build.0 = Debug|Any CPU
		{0307D2CA-BEE4-4E61-9E09-73EEBFAF219E}.Release|Any CPU.ActiveCfg = Release|Any CPU
		{0307D2CA-BEE4-4E61-9E09-73EEBFAF219E}.Release|Any CPU.Build.0 = Release|Any CPU
		{D4D99FB3-1DBB-4A7F-833B-E3ACBF77EE55}.Debug|Any CPU.ActiveCfg = Debug|Any CPU
		{D4D99FB3-1DBB-4A7F-833B-E3ACBF77EE55}.Debug|Any CPU.Build.0 = Debug|Any CPU
		{D4D99FB3-1DBB-4A7F-833B-E3ACBF77EE55}.Release|Any CPU.ActiveCfg = Release|Any CPU
		{D4D99FB3-1DBB-4A7F-833B-E3ACBF77EE55}.Release|Any CPU.Build.0 = Release|Any CPU
		{B140BD28-25B2-4D89-B890-E370A191622F}.Debug|Any CPU.ActiveCfg = Debug|Any CPU
		{B140BD28-25B2-4D89-B890-E370A191622F}.Debug|Any CPU.Build.0 = Debug|Any CPU
		{B140BD28-25B2-4D89-B890-E370A191622F}.Release|Any CPU.ActiveCfg = Release|Any CPU
		{B140BD28-25B2-4D89-B890-E370A191622F}.Release|Any CPU.Build.0 = Release|Any CPU
		{8DF8E208-9F48-4061-B3A9-4EA758B4DC86}.Debug|Any CPU.ActiveCfg = Debug|Any CPU
		{8DF8E208-9F48-4061-B3A9-4EA758B4DC86}.Debug|Any CPU.Build.0 = Debug|Any CPU
		{8DF8E208-9F48-4061-B3A9-4EA758B4DC86}.Release|Any CPU.ActiveCfg = Release|Any CPU
		{8DF8E208-9F48-4061-B3A9-4EA758B4DC86}.Release|Any CPU.Build.0 = Release|Any CPU
		{EAADEDF6-6BDD-48A8-B466-E1BE1ABFB6FC}.Debug|Any CPU.ActiveCfg = Debug|Any CPU
		{EAADEDF6-6BDD-48A8-B466-E1BE1ABFB6FC}.Debug|Any CPU.Build.0 = Debug|Any CPU
		{EAADEDF6-6BDD-48A8-B466-E1BE1ABFB6FC}.Release|Any CPU.ActiveCfg = Release|Any CPU
		{EAADEDF6-6BDD-48A8-B466-E1BE1ABFB6FC}.Release|Any CPU.Build.0 = Release|Any CPU
	EndGlobalSection
	GlobalSection(NestedProjects) = preSolution
		{800CC11F-3128-4029-9314-261144FEF19D} = {82FB566A-12BC-430C-91A2-5B5F1108DCC5}
		{5BF1A202-7643-4189-8652-A1695C517DA1} = {82FB566A-12BC-430C-91A2-5B5F1108DCC5}
		{0307D2CA-BEE4-4E61-9E09-73EEBFAF219E} = {82FB566A-12BC-430C-91A2-5B5F1108DCC5}
		{D4D99FB3-1DBB-4A7F-833B-E3ACBF77EE55} = {82FB566A-12BC-430C-91A2-5B5F1108DCC5}
		{B140BD28-25B2-4D89-B890-E370A191622F} = {82FB566A-12BC-430C-91A2-5B5F1108DCC5}
		{8DF8E208-9F48-4061-B3A9-4EA758B4DC86} = {5B68523A-6A24-4E27-A7B9-D8A1F8C4C890}
		{EAADEDF6-6BDD-48A8-B466-E1BE1ABFB6FC} = {E85DD55A-BF6A-44D0-BFBC-780E74379641}
	EndGlobalSection
EndGlobal
