
Microsoft Visual Studio Solution File, Format Version 12.00
Project("{2150E333-8FDC-42A3-9474-1A3956D46DE8}") = "Solution Items", "Solution Items", "{D5684EAE-9BA7-447F-9F7F-A6072F0401AE}"
EndProject
Project("{FAE04EC0-301F-11D3-BF4B-00C04F79EFBC}") = "Identity", "Identity\Identity.csproj", "{8C7795A9-15C7-4564-A7A2-CBCA400E8F06}"
EndProject
Project("{FAE04EC0-301F-11D3-BF4B-00C04F79EFBC}") = "MessageService", "MessageService\MessageService.csproj", "{800CC11F-3128-4029-9314-261144FEF19D}"
EndProject
Project("{FAE04EC0-301F-11D3-BF4B-00C04F79EFBC}") = "Client", "Client\Client.csproj", "{45905F3D-1C41-4968-A410-39BCA1270F03}"
EndProject
Project("{FAE04EC0-301F-11D3-BF4B-00C04F79EFBC}") = "WebClient", "WebClient\WebClient.csproj", "{7CCCC624-DCDD-4B80-ADA4-972282A96CF7}"
EndProject
Global
	GlobalSection(SolutionConfigurationPlatforms) = preSolution
		Debug|Any CPU = Debug|Any CPU
		Release|Any CPU = Release|Any CPU
	EndGlobalSection
	GlobalSection(ProjectConfigurationPlatforms) = postSolution
		{8C7795A9-15C7-4564-A7A2-CBCA400E8F06}.Debug|Any CPU.ActiveCfg = Debug|Any CPU
		{8C7795A9-15C7-4564-A7A2-CBCA400E8F06}.Debug|Any CPU.Build.0 = Debug|Any CPU
		{8C7795A9-15C7-4564-A7A2-CBCA400E8F06}.Release|Any CPU.ActiveCfg = Release|Any CPU
		{8C7795A9-15C7-4564-A7A2-CBCA400E8F06}.Release|Any CPU.Build.0 = Release|Any CPU
		{800CC11F-3128-4029-9314-261144FEF19D}.Debug|Any CPU.ActiveCfg = Debug|Any CPU
		{800CC11F-3128-4029-9314-261144FEF19D}.Debug|Any CPU.Build.0 = Debug|Any CPU
		{800CC11F-3128-4029-9314-261144FEF19D}.Release|Any CPU.ActiveCfg = Release|Any CPU
		{800CC11F-3128-4029-9314-261144FEF19D}.Release|Any CPU.Build.0 = Release|Any CPU
		{45905F3D-1C41-4968-A410-39BCA1270F03}.Debug|Any CPU.ActiveCfg = Debug|Any CPU
		{45905F3D-1C41-4968-A410-39BCA1270F03}.Debug|Any CPU.Build.0 = Debug|Any CPU
		{45905F3D-1C41-4968-A410-39BCA1270F03}.Release|Any CPU.ActiveCfg = Release|Any CPU
		{45905F3D-1C41-4968-A410-39BCA1270F03}.Release|Any CPU.Build.0 = Release|Any CPU
		{7CCCC624-DCDD-4B80-ADA4-972282A96CF7}.Debug|Any CPU.ActiveCfg = Debug|Any CPU
		{7CCCC624-DCDD-4B80-ADA4-972282A96CF7}.Debug|Any CPU.Build.0 = Debug|Any CPU
		{7CCCC624-DCDD-4B80-ADA4-972282A96CF7}.Release|Any CPU.ActiveCfg = Release|Any CPU
		{7CCCC624-DCDD-4B80-ADA4-972282A96CF7}.Release|Any CPU.Build.0 = Release|Any CPU
	EndGlobalSection
	GlobalSection(NestedProjects) = preSolution
	EndGlobalSection
EndGlobal
